
Microsoft Visual Studio Solution File, Format Version 12.00
# Visual Studio Version 17
VisualStudioVersion = 17.0.32014.148
MinimumVisualStudioVersion = 10.0.40219.1
Project("{9A19103F-16F7-4668-BE54-9A1E7A4F7556}") = "WebApplication1", "WebApplication1\WebApplication1.csproj", "{B71975AE-1D52-49BB-8F2A-C8ADC4E0118E}"
EndProject
Project("{9A19103F-16F7-4668-BE54-9A1E7A4F7556}") = "DadataRequestLibrary", "..\..\lbr\DadataRequestLibrary\DadataRequestLibrary.csproj", "{D3096A1C-E527-496F-9646-AA8FA1E402C3}"
EndProject
Global
	GlobalSection(SolutionConfigurationPlatforms) = preSolution
		Debug|Any CPU = Debug|Any CPU
		Release|Any CPU = Release|Any CPU
	EndGlobalSection
	GlobalSection(ProjectConfigurationPlatforms) = postSolution
		{B71975AE-1D52-49BB-8F2A-C8ADC4E0118E}.Debug|Any CPU.ActiveCfg = Debug|Any CPU
		{B71975AE-1D52-49BB-8F2A-C8ADC4E0118E}.Debug|Any CPU.Build.0 = Debug|Any CPU
		{B71975AE-1D52-49BB-8F2A-C8ADC4E0118E}.Release|Any CPU.ActiveCfg = Release|Any CPU
		{B71975AE-1D52-49BB-8F2A-C8ADC4E0118E}.Release|Any CPU.Build.0 = Release|Any CPU
		{D3096A1C-E527-496F-9646-AA8FA1E402C3}.Debug|Any CPU.ActiveCfg = Debug|Any CPU
		{D3096A1C-E527-496F-9646-AA8FA1E402C3}.Debug|Any CPU.Build.0 = Debug|Any CPU
		{D3096A1C-E527-496F-9646-AA8FA1E402C3}.Release|Any CPU.ActiveCfg = Release|Any CPU
		{D3096A1C-E527-496F-9646-AA8FA1E402C3}.Release|Any CPU.Build.0 = Release|Any CPU
	EndGlobalSection
	GlobalSection(SolutionProperties) = preSolution
		HideSolutionNode = FALSE
	EndGlobalSection
	GlobalSection(ExtensibilityGlobals) = postSolution
		SolutionGuid = {19971594-22D4-4201-A54E-EDA9C556FC81}
	EndGlobalSection
EndGlobal
