
Microsoft Visual Studio Solution File, Format Version 12.00
# Visual Studio Version 17
VisualStudioVersion = 17.0.32112.339
MinimumVisualStudioVersion = 10.0.40219.1
Project("{9A19103F-16F7-4668-BE54-9A1E7A4F7556}") = "WebApp", "WebApp\WebApp.csproj", "{1326680D-014F-420C-8524-3A5CBFDA9E23}"
EndProject
Project("{9A19103F-16F7-4668-BE54-9A1E7A4F7556}") = "Sol1-2", "Sol1-2\Sol1-2.csproj", "{614FC1D8-9DF6-473D-809F-DD076D2DCF68}"
EndProject
Project("{9A19103F-16F7-4668-BE54-9A1E7A4F7556}") = "DadataRequestLibrary", "DadataRequestLibrary\DadataRequestLibrary.csproj", "{411DFD21-8329-4F72-8B8A-E1CF34A4D104}"
EndProject
Project("{9A19103F-16F7-4668-BE54-9A1E7A4F7556}") = "Solution", "Sol1-1\Solution.csproj", "{47D310A9-FCF8-4117-B1E3-A5434B224FDE}"
EndProject
Project("{9A19103F-16F7-4668-BE54-9A1E7A4F7556}") = "Sol0", "Sol0\Sol0.csproj", "{75DBC2EF-5DC0-43E2-A2F1-2B86D3465BC4}"
EndProject
Project("{9A19103F-16F7-4668-BE54-9A1E7A4F7556}") = "Sol2", "Sol2\Sol2\Sol2.csproj", "{AEE40BC9-6EDB-47DE-A2C1-DD62605E9F9A}"
EndProject
Project("{9A19103F-16F7-4668-BE54-9A1E7A4F7556}") = "TestProject", "Sol2\TestProject\TestProject.csproj", "{D47D7BEA-13E9-432C-8E2B-95ACCA835FCC}"
EndProject
Project("{9A19103F-16F7-4668-BE54-9A1E7A4F7556}") = "BenchmarkTest", "Sol2\BenchmarkTest\BenchmarkTest.csproj", "{8E7D2E57-EEAC-4352-97E5-0B43B6E149B8}"
EndProject
Project("{9A19103F-16F7-4668-BE54-9A1E7A4F7556}") = "HelloApp", "HelloApp\HelloApp\HelloApp.csproj", "{7A0CC5CE-6F42-4D8B-8C43-EAC3B13F1D39}"
EndProject
Project("{9A19103F-16F7-4668-BE54-9A1E7A4F7556}") = "HelloApp2", "HelloApp2\HelloApp2\HelloApp2.csproj", "{287A8FD5-878C-4FDF-B7C8-BE12D1E535C8}"
EndProject
Project("{E53339B2-1760-4266-BCC7-CA923CBCF16C}") = "docker-compose", "docker-compose.dcproj", "{CD8BA077-646D-4493-9FFD-AF4049D63973}"
EndProject
Project("{9A19103F-16F7-4668-BE54-9A1E7A4F7556}") = "Sol3", "Sol3\Sol3.csproj", "{01DCAC4B-5F15-4641-BD26-810F49DD02BB}"
EndProject
Project("{9A19103F-16F7-4668-BE54-9A1E7A4F7556}") = "FacilityContextLib", "FacilityRepoEF\FacilityContextLib.csproj", "{13BF9F5B-C8AC-4172-ADE8-E18018799D08}"
EndProject
Project("{9A19103F-16F7-4668-BE54-9A1E7A4F7556}") = "UserContextLib", "UserContextLib\UserContextLib.csproj", "{D7A18817-122B-4064-8F7A-273C6375F11D}"
EndProject
Project("{9A19103F-16F7-4668-BE54-9A1E7A4F7556}") = "Sol5_1_Collections", "Sol5_1_Collections\Sol5_1_Collections.csproj", "{5159F4E6-1C65-460B-BB03-04F5D535FB4D}"
EndProject
Project("{9A19103F-16F7-4668-BE54-9A1E7A4F7556}") = "MyEnumTesting", "MyEnumTesting\MyEnumTesting.csproj", "{6BF17B09-F16C-42B9-9DE0-8815FCC5ED4F}"
EndProject
Project("{9A19103F-16F7-4668-BE54-9A1E7A4F7556}") = "CustomAttributes", "Attributes\CustomAttributes.csproj", "{40A1046C-FAF5-47C7-BE10-F389A6F8C730}"
EndProject
Project("{9A19103F-16F7-4668-BE54-9A1E7A4F7556}") = "Enumerable", "Sol6+\Enumerable\Enumerable.csproj", "{50594673-F510-4D0D-83E9-DF9BBFF90768}"
EndProject
Project("{9A19103F-16F7-4668-BE54-9A1E7A4F7556}") = "BenchmarkAttributeExtensionTest", "BenchmarkAttributeExtensionTest\BenchmarkAttributeExtensionTest.csproj", "{ED81C1C2-383C-470D-8D97-65BF52EAB782}"
EndProject
Project("{FAE04EC0-301F-11D3-BF4B-00C04F79EFBC}") = "MyORM", "MyORM\MyORM.csproj", "{E5E46A88-0EF2-48E8-BD32-21A9C632E516}"
EndProject
Global
	GlobalSection(SolutionConfigurationPlatforms) = preSolution
		Debug|Any CPU = Debug|Any CPU
		Release|Any CPU = Release|Any CPU
	EndGlobalSection
	GlobalSection(ProjectConfigurationPlatforms) = postSolution
		{1326680D-014F-420C-8524-3A5CBFDA9E23}.Debug|Any CPU.ActiveCfg = Debug|Any CPU
		{1326680D-014F-420C-8524-3A5CBFDA9E23}.Debug|Any CPU.Build.0 = Debug|Any CPU
		{1326680D-014F-420C-8524-3A5CBFDA9E23}.Release|Any CPU.ActiveCfg = Release|Any CPU
		{1326680D-014F-420C-8524-3A5CBFDA9E23}.Release|Any CPU.Build.0 = Release|Any CPU
		{614FC1D8-9DF6-473D-809F-DD076D2DCF68}.Debug|Any CPU.ActiveCfg = Debug|Any CPU
		{614FC1D8-9DF6-473D-809F-DD076D2DCF68}.Debug|Any CPU.Build.0 = Debug|Any CPU
		{614FC1D8-9DF6-473D-809F-DD076D2DCF68}.Release|Any CPU.ActiveCfg = Release|Any CPU
		{614FC1D8-9DF6-473D-809F-DD076D2DCF68}.Release|Any CPU.Build.0 = Release|Any CPU
		{411DFD21-8329-4F72-8B8A-E1CF34A4D104}.Debug|Any CPU.ActiveCfg = Debug|Any CPU
		{411DFD21-8329-4F72-8B8A-E1CF34A4D104}.Debug|Any CPU.Build.0 = Debug|Any CPU
		{411DFD21-8329-4F72-8B8A-E1CF34A4D104}.Release|Any CPU.ActiveCfg = Release|Any CPU
		{411DFD21-8329-4F72-8B8A-E1CF34A4D104}.Release|Any CPU.Build.0 = Release|Any CPU
		{47D310A9-FCF8-4117-B1E3-A5434B224FDE}.Debug|Any CPU.ActiveCfg = Debug|Any CPU
		{47D310A9-FCF8-4117-B1E3-A5434B224FDE}.Debug|Any CPU.Build.0 = Debug|Any CPU
		{47D310A9-FCF8-4117-B1E3-A5434B224FDE}.Release|Any CPU.ActiveCfg = Release|Any CPU
		{47D310A9-FCF8-4117-B1E3-A5434B224FDE}.Release|Any CPU.Build.0 = Release|Any CPU
		{75DBC2EF-5DC0-43E2-A2F1-2B86D3465BC4}.Debug|Any CPU.ActiveCfg = Debug|Any CPU
		{75DBC2EF-5DC0-43E2-A2F1-2B86D3465BC4}.Debug|Any CPU.Build.0 = Debug|Any CPU
		{75DBC2EF-5DC0-43E2-A2F1-2B86D3465BC4}.Release|Any CPU.ActiveCfg = Release|Any CPU
		{75DBC2EF-5DC0-43E2-A2F1-2B86D3465BC4}.Release|Any CPU.Build.0 = Release|Any CPU
		{AEE40BC9-6EDB-47DE-A2C1-DD62605E9F9A}.Debug|Any CPU.ActiveCfg = Debug|Any CPU
		{AEE40BC9-6EDB-47DE-A2C1-DD62605E9F9A}.Debug|Any CPU.Build.0 = Debug|Any CPU
		{AEE40BC9-6EDB-47DE-A2C1-DD62605E9F9A}.Release|Any CPU.ActiveCfg = Release|Any CPU
		{AEE40BC9-6EDB-47DE-A2C1-DD62605E9F9A}.Release|Any CPU.Build.0 = Release|Any CPU
		{D47D7BEA-13E9-432C-8E2B-95ACCA835FCC}.Debug|Any CPU.ActiveCfg = Debug|Any CPU
		{D47D7BEA-13E9-432C-8E2B-95ACCA835FCC}.Debug|Any CPU.Build.0 = Debug|Any CPU
		{D47D7BEA-13E9-432C-8E2B-95ACCA835FCC}.Release|Any CPU.ActiveCfg = Release|Any CPU
		{D47D7BEA-13E9-432C-8E2B-95ACCA835FCC}.Release|Any CPU.Build.0 = Release|Any CPU
		{8E7D2E57-EEAC-4352-97E5-0B43B6E149B8}.Debug|Any CPU.ActiveCfg = Debug|Any CPU
		{8E7D2E57-EEAC-4352-97E5-0B43B6E149B8}.Debug|Any CPU.Build.0 = Debug|Any CPU
		{8E7D2E57-EEAC-4352-97E5-0B43B6E149B8}.Release|Any CPU.ActiveCfg = Release|Any CPU
		{8E7D2E57-EEAC-4352-97E5-0B43B6E149B8}.Release|Any CPU.Build.0 = Release|Any CPU
		{7A0CC5CE-6F42-4D8B-8C43-EAC3B13F1D39}.Debug|Any CPU.ActiveCfg = Debug|Any CPU
		{7A0CC5CE-6F42-4D8B-8C43-EAC3B13F1D39}.Debug|Any CPU.Build.0 = Debug|Any CPU
		{7A0CC5CE-6F42-4D8B-8C43-EAC3B13F1D39}.Release|Any CPU.ActiveCfg = Release|Any CPU
		{7A0CC5CE-6F42-4D8B-8C43-EAC3B13F1D39}.Release|Any CPU.Build.0 = Release|Any CPU
		{287A8FD5-878C-4FDF-B7C8-BE12D1E535C8}.Debug|Any CPU.ActiveCfg = Debug|Any CPU
		{287A8FD5-878C-4FDF-B7C8-BE12D1E535C8}.Debug|Any CPU.Build.0 = Debug|Any CPU
		{287A8FD5-878C-4FDF-B7C8-BE12D1E535C8}.Release|Any CPU.ActiveCfg = Release|Any CPU
		{287A8FD5-878C-4FDF-B7C8-BE12D1E535C8}.Release|Any CPU.Build.0 = Release|Any CPU
		{CD8BA077-646D-4493-9FFD-AF4049D63973}.Debug|Any CPU.ActiveCfg = Debug|Any CPU
		{CD8BA077-646D-4493-9FFD-AF4049D63973}.Debug|Any CPU.Build.0 = Debug|Any CPU
		{CD8BA077-646D-4493-9FFD-AF4049D63973}.Release|Any CPU.ActiveCfg = Release|Any CPU
		{CD8BA077-646D-4493-9FFD-AF4049D63973}.Release|Any CPU.Build.0 = Release|Any CPU
		{01DCAC4B-5F15-4641-BD26-810F49DD02BB}.Debug|Any CPU.ActiveCfg = Debug|Any CPU
		{01DCAC4B-5F15-4641-BD26-810F49DD02BB}.Debug|Any CPU.Build.0 = Debug|Any CPU
		{01DCAC4B-5F15-4641-BD26-810F49DD02BB}.Release|Any CPU.ActiveCfg = Release|Any CPU
		{01DCAC4B-5F15-4641-BD26-810F49DD02BB}.Release|Any CPU.Build.0 = Release|Any CPU
		{13BF9F5B-C8AC-4172-ADE8-E18018799D08}.Debug|Any CPU.ActiveCfg = Debug|Any CPU
		{13BF9F5B-C8AC-4172-ADE8-E18018799D08}.Debug|Any CPU.Build.0 = Debug|Any CPU
		{13BF9F5B-C8AC-4172-ADE8-E18018799D08}.Release|Any CPU.ActiveCfg = Release|Any CPU
		{13BF9F5B-C8AC-4172-ADE8-E18018799D08}.Release|Any CPU.Build.0 = Release|Any CPU
		{D7A18817-122B-4064-8F7A-273C6375F11D}.Debug|Any CPU.ActiveCfg = Debug|Any CPU
		{D7A18817-122B-4064-8F7A-273C6375F11D}.Debug|Any CPU.Build.0 = Debug|Any CPU
		{D7A18817-122B-4064-8F7A-273C6375F11D}.Release|Any CPU.ActiveCfg = Release|Any CPU
		{D7A18817-122B-4064-8F7A-273C6375F11D}.Release|Any CPU.Build.0 = Release|Any CPU
		{5159F4E6-1C65-460B-BB03-04F5D535FB4D}.Debug|Any CPU.ActiveCfg = Debug|Any CPU
		{5159F4E6-1C65-460B-BB03-04F5D535FB4D}.Debug|Any CPU.Build.0 = Debug|Any CPU
		{5159F4E6-1C65-460B-BB03-04F5D535FB4D}.Release|Any CPU.ActiveCfg = Release|Any CPU
		{5159F4E6-1C65-460B-BB03-04F5D535FB4D}.Release|Any CPU.Build.0 = Release|Any CPU
		{6BF17B09-F16C-42B9-9DE0-8815FCC5ED4F}.Debug|Any CPU.ActiveCfg = Debug|Any CPU
		{6BF17B09-F16C-42B9-9DE0-8815FCC5ED4F}.Debug|Any CPU.Build.0 = Debug|Any CPU
		{6BF17B09-F16C-42B9-9DE0-8815FCC5ED4F}.Release|Any CPU.ActiveCfg = Release|Any CPU
		{6BF17B09-F16C-42B9-9DE0-8815FCC5ED4F}.Release|Any CPU.Build.0 = Release|Any CPU
		{40A1046C-FAF5-47C7-BE10-F389A6F8C730}.Debug|Any CPU.ActiveCfg = Debug|Any CPU
		{40A1046C-FAF5-47C7-BE10-F389A6F8C730}.Debug|Any CPU.Build.0 = Debug|Any CPU
		{40A1046C-FAF5-47C7-BE10-F389A6F8C730}.Release|Any CPU.ActiveCfg = Release|Any CPU
		{40A1046C-FAF5-47C7-BE10-F389A6F8C730}.Release|Any CPU.Build.0 = Release|Any CPU
		{50594673-F510-4D0D-83E9-DF9BBFF90768}.Debug|Any CPU.ActiveCfg = Debug|Any CPU
		{50594673-F510-4D0D-83E9-DF9BBFF90768}.Debug|Any CPU.Build.0 = Debug|Any CPU
		{50594673-F510-4D0D-83E9-DF9BBFF90768}.Release|Any CPU.ActiveCfg = Release|Any CPU
		{50594673-F510-4D0D-83E9-DF9BBFF90768}.Release|Any CPU.Build.0 = Release|Any CPU
		{ED81C1C2-383C-470D-8D97-65BF52EAB782}.Debug|Any CPU.ActiveCfg = Debug|Any CPU
		{ED81C1C2-383C-470D-8D97-65BF52EAB782}.Debug|Any CPU.Build.0 = Debug|Any CPU
		{ED81C1C2-383C-470D-8D97-65BF52EAB782}.Release|Any CPU.ActiveCfg = Release|Any CPU
		{ED81C1C2-383C-470D-8D97-65BF52EAB782}.Release|Any CPU.Build.0 = Release|Any CPU
		{E5E46A88-0EF2-48E8-BD32-21A9C632E516}.Debug|Any CPU.ActiveCfg = Debug|Any CPU
		{E5E46A88-0EF2-48E8-BD32-21A9C632E516}.Debug|Any CPU.Build.0 = Debug|Any CPU
		{E5E46A88-0EF2-48E8-BD32-21A9C632E516}.Release|Any CPU.ActiveCfg = Release|Any CPU
		{E5E46A88-0EF2-48E8-BD32-21A9C632E516}.Release|Any CPU.Build.0 = Release|Any CPU
	EndGlobalSection
	GlobalSection(SolutionProperties) = preSolution
		HideSolutionNode = FALSE
	EndGlobalSection
	GlobalSection(ExtensibilityGlobals) = postSolution
		SolutionGuid = {52D1ADDC-2D8B-4F55-8BF4-A69274D67DD8}
	EndGlobalSection
EndGlobal
