
Microsoft Visual Studio Solution File, Format Version 12.00
# Visual Studio Version 17
VisualStudioVersion = 17.0.32014.148
MinimumVisualStudioVersion = 10.0.40219.1
Project("{FAE04EC0-301F-11D3-BF4B-00C04F79EFBC}") = "Sol1-2", "Sol1-2\Sol1-2.csproj", "{35DA7A5D-DD7C-45B8-BB66-B18E6FFA0AE3}"
EndProject
Global
	GlobalSection(SolutionConfigurationPlatforms) = preSolution
		Debug|Any CPU = Debug|Any CPU
		Release|Any CPU = Release|Any CPU
	EndGlobalSection
	GlobalSection(ProjectConfigurationPlatforms) = postSolution
		{35DA7A5D-DD7C-45B8-BB66-B18E6FFA0AE3}.Debug|Any CPU.ActiveCfg = Debug|Any CPU
		{35DA7A5D-DD7C-45B8-BB66-B18E6FFA0AE3}.Debug|Any CPU.Build.0 = Debug|Any CPU
		{35DA7A5D-DD7C-45B8-BB66-B18E6FFA0AE3}.Release|Any CPU.ActiveCfg = Release|Any CPU
		{35DA7A5D-DD7C-45B8-BB66-B18E6FFA0AE3}.Release|Any CPU.Build.0 = Release|Any CPU
	EndGlobalSection
	GlobalSection(SolutionProperties) = preSolution
		HideSolutionNode = FALSE
	EndGlobalSection
	GlobalSection(ExtensibilityGlobals) = postSolution
		SolutionGuid = {A79FC6FD-12EA-4A93-BB3D-B362799B42C5}
	EndGlobalSection
EndGlobal
