
Microsoft Visual Studio Solution File, Format Version 12.00
# Visual Studio Version 17
VisualStudioVersion = 17.0.32112.339
MinimumVisualStudioVersion = 10.0.40219.1
Project("{9A19103F-16F7-4668-BE54-9A1E7A4F7556}") = "Sol1-2", "Sol1-2.csproj", "{9E33FB47-6AEF-482C-9898-D219D40709FC}"
EndProject
Global
	GlobalSection(SolutionConfigurationPlatforms) = preSolution
		Debug|Any CPU = Debug|Any CPU
		Release|Any CPU = Release|Any CPU
	EndGlobalSection
	GlobalSection(ProjectConfigurationPlatforms) = postSolution
		{9E33FB47-6AEF-482C-9898-D219D40709FC}.Debug|Any CPU.ActiveCfg = Debug|Any CPU
		{9E33FB47-6AEF-482C-9898-D219D40709FC}.Debug|Any CPU.Build.0 = Debug|Any CPU
		{9E33FB47-6AEF-482C-9898-D219D40709FC}.Release|Any CPU.ActiveCfg = Release|Any CPU
		{9E33FB47-6AEF-482C-9898-D219D40709FC}.Release|Any CPU.Build.0 = Release|Any CPU
	EndGlobalSection
	GlobalSection(SolutionProperties) = preSolution
		HideSolutionNode = FALSE
	EndGlobalSection
	GlobalSection(ExtensibilityGlobals) = postSolution
		SolutionGuid = {90876F40-ED7A-4D9A-92F3-EBC42E4AA0EA}
	EndGlobalSection
EndGlobal
